<?xml version="1.0" encoding="utf-8"?>
<Project ToolsVersion="15.0" xmlns="http://schemas.microsoft.com/developer/msbuild/2003">
  <ItemGroup>
    <CustomBuild Include="D:\Documents\Projects\MyMFCSDI\bin\CMakeFiles\70055404e061252843b986a2e3de0fdc\generate.stamp.rule">
      <Filter>CMake Rules</Filter>
    </CustomBuild>
  </ItemGroup>
  <ItemGroup>
    <Filter Include="CMake Rules">
      <UniqueIdentifier>{B559F3B0-6460-3043-9911-66DC1812A073}</UniqueIdentifier>
    </Filter>
  </ItemGroup>
</Project>
